
Microsoft Visual Studio Solution File, Format Version 12.00
# Visual Studio Version 17
VisualStudioVersion = 17.9.34701.34
MinimumVisualStudioVersion = 10.0.40219.1
Project("{9A19103F-16F7-4668-BE54-9A1E7A4F7556}") = "BlueCardPortal", "BlueCardPortal\BlueCardPortal.csproj", "{C7573D49-CCD6-4AD3-BF17-A3A39E3C1613}"
EndProject
Project("{9A19103F-16F7-4668-BE54-9A1E7A4F7556}") = "BlueCardPortal.Core", "BlueCardPortal.Core\BlueCardPortal.Core.csproj", "{E1B8BD50-FC24-4CE4-A922-F000B6A87D8C}"
EndProject
Project("{9A19103F-16F7-4668-BE54-9A1E7A4F7556}") = "BlueCardPortal.Infrastructure", "BlueCardPortal.Infrastructure\BlueCardPortal.Infrastructure.csproj", "{DF8BBC58-CC03-4D1D-94B8-16C5CF60FFCF}"
EndProject
Project("{FAE04EC0-301F-11D3-BF4B-00C04F79EFBC}") = "BlueCardPortal.Test", "BlueCardPortal.Test\BlueCardPortal.Test.csproj", "{9313650D-7241-419F-B4AE-235C80899633}"
EndProject
Global
	GlobalSection(SolutionConfigurationPlatforms) = preSolution
		Debug|Any CPU = Debug|Any CPU
		Release|Any CPU = Release|Any CPU
	EndGlobalSection
	GlobalSection(ProjectConfigurationPlatforms) = postSolution
		{C7573D49-CCD6-4AD3-BF17-A3A39E3C1613}.Debug|Any CPU.ActiveCfg = Debug|Any CPU
		{C7573D49-CCD6-4AD3-BF17-A3A39E3C1613}.Debug|Any CPU.Build.0 = Debug|Any CPU
		{C7573D49-CCD6-4AD3-BF17-A3A39E3C1613}.Release|Any CPU.ActiveCfg = Release|Any CPU
		{C7573D49-CCD6-4AD3-BF17-A3A39E3C1613}.Release|Any CPU.Build.0 = Release|Any CPU
		{E1B8BD50-FC24-4CE4-A922-F000B6A87D8C}.Debug|Any CPU.ActiveCfg = Debug|Any CPU
		{E1B8BD50-FC24-4CE4-A922-F000B6A87D8C}.Debug|Any CPU.Build.0 = Debug|Any CPU
		{E1B8BD50-FC24-4CE4-A922-F000B6A87D8C}.Release|Any CPU.ActiveCfg = Release|Any CPU
		{E1B8BD50-FC24-4CE4-A922-F000B6A87D8C}.Release|Any CPU.Build.0 = Release|Any CPU
		{DF8BBC58-CC03-4D1D-94B8-16C5CF60FFCF}.Debug|Any CPU.ActiveCfg = Debug|Any CPU
		{DF8BBC58-CC03-4D1D-94B8-16C5CF60FFCF}.Debug|Any CPU.Build.0 = Debug|Any CPU
		{DF8BBC58-CC03-4D1D-94B8-16C5CF60FFCF}.Release|Any CPU.ActiveCfg = Release|Any CPU
		{DF8BBC58-CC03-4D1D-94B8-16C5CF60FFCF}.Release|Any CPU.Build.0 = Release|Any CPU
		{9313650D-7241-419F-B4AE-235C80899633}.Debug|Any CPU.ActiveCfg = Debug|Any CPU
		{9313650D-7241-419F-B4AE-235C80899633}.Debug|Any CPU.Build.0 = Debug|Any CPU
		{9313650D-7241-419F-B4AE-235C80899633}.Release|Any CPU.ActiveCfg = Release|Any CPU
		{9313650D-7241-419F-B4AE-235C80899633}.Release|Any CPU.Build.0 = Release|Any CPU
	EndGlobalSection
	GlobalSection(SolutionProperties) = preSolution
		HideSolutionNode = FALSE
	EndGlobalSection
	GlobalSection(ExtensibilityGlobals) = postSolution
		SolutionGuid = {A22F0F2E-98A4-471C-95BC-C4A0C154E196}
	EndGlobalSection
EndGlobal
